github.com/karrick/godirwalk v1.7.1 h1:qnALe/oIybyMRTKp7Mfr6KO2EqpIB3DSvJbF2dZsn60=
github.com/karrick/godirwalk v1.7.1/go.mod h1:svlOlzFUryGta1ycTmmd6C6ytFMtCkPvQ/4fj4EXtU4=
github.com/karrick/golf v1.0.1 h1:F4rnWeDxLUxgDtBEJlnWVFzrdd6/bqabar4Sywty+RY=
github.com/karrick/golf v1.0.1/go.mod h1:WTe8EtpOIM0x8TNEi55us+IjEQ5Wg/hwUuVp1PSUNG4=
github.com/pkg/errors v0.8.0 h1:WdK/asTD0HN+q6hsWO3/vpuAkAr+tw6aNJNDFFf0+qw=
github.com/pkg/errors v0.8.0/go.mod h1:bwawxfHBFNV+L2hUp1rHADufV3IMtnDRdf1r5NINEl0=
golang.org/x/sys v0.0.0-20180802203216-0ffbfd41fbef h1:ESfhYoBNk2UQGmavscFPKfwmc4ZTB2+UdQYsVw6Bq9M=
golang.org/x/sys v0.0.0-20180802203216-0ffbfd41fbef/go.mod h1:STP8DvDyc/dI5b8T5hshtkjS+E42TnysNCUPdjciGhY=
