github.com/karrick/godirwalk v1.10.12 h1:BqUm+LuJcXjGv1d2mj3gBiQyrQ57a0rYoAmhvJQ7RDU=
github.com/karrick/godirwalk v1.10.12/go.mod h1:RoGL9dQei4vP9ilrpETWE8CLOZ1kiN0LhBygSwrAsHA=
github.com/karrick/golf v1.2.0 h1:OK2hHJ8WVx3H8LAXhAwDM4tmdhEyKVbld/GF9J5sKnM=
github.com/karrick/golf v1.2.0/go.mod h1:qGN0IhcEL+IEgCXp00RvH32UP59vtwc8w5YcIdArNRk=
golang.org/x/sys v0.0.0-20190804053845-51ab0e2deafa h1:KIDDMLT1O0Nr7TSxp8xM5tJcdn8tgyAONntO829og1M=
golang.org/x/sys v0.0.0-20190804053845-51ab0e2deafa/go.mod h1:h1NjWce9XRLGQEsW7wpKNCjG9DtNlClVuFLEZdDNbEs=
